
Microsoft Visual Studio Solution File, Format Version 12.00
# Visual Studio 15
VisualStudioVersion = 15.0.26730.12
MinimumVisualStudioVersion = 10.0.40219.1
Project("{2150E333-8FDC-42A3-9474-1A3956D46DE8}") = "Examples", "Examples", "{B05D2BE7-E050-4F38-B2F6-3B3F86554ED6}"
EndProject
Project("{9A19103F-16F7-4668-BE54-9A1E7A4F7556}") = "GraphQLExample", "Examples\GraphQLExample\GraphQLExample.csproj", "{F1004535-FC0C-4882-827E-42C16E665E93}"
EndProject
Project("{9A19103F-16F7-4668-BE54-9A1E7A4F7556}") = "Bottlecap.Net.GraphQL.Generation.Attributes", "Bottlecap.Net.GraphQL.Generation.Attributes\Bottlecap.Net.GraphQL.Generation.Attributes.csproj", "{D9589AC1-D106-45AB-8C38-059892C6CA08}"
EndProject
Project("{9A19103F-16F7-4668-BE54-9A1E7A4F7556}") = "Bottlecap.Net.GraphQL.Generation", "Bottlecap.Net.GraphQL.Generation\Bottlecap.Net.GraphQL.Generation.csproj", "{DDCDFFA8-7A31-4C4C-A938-A4EBF7BAA42A}"
EndProject
Project("{9A19103F-16F7-4668-BE54-9A1E7A4F7556}") = "GraphQLExample.Data", "Examples\GraphQLExample.Data\GraphQLExample.Data.csproj", "{FE614E21-E05A-409B-92A0-648AC2B5A61B}"
EndProject
Project("{2150E333-8FDC-42A3-9474-1A3956D46DE8}") = "Tests", "Tests", "{2A637A72-840F-4851-B5AE-A3A1CB56C60F}"
EndProject
Project("{9A19103F-16F7-4668-BE54-9A1E7A4F7556}") = "IntegrationTests.Bottlecap.Net.GraphQL.Generation", "Tests\IntegrationTests.Bottlecap.Net.GraphQL.Generation\IntegrationTests.Bottlecap.Net.GraphQL.Generation.csproj", "{BE1D6208-070B-4294-B522-A9F718D1ECC0}"
EndProject
Project("{9A19103F-16F7-4668-BE54-9A1E7A4F7556}") = "Bottlecap.Net.GraphQL.Generation.Cli", "Bottlecap.Net.GraphQL.Generation.Cli\Bottlecap.Net.GraphQL.Generation.Cli.csproj", "{6FAA7D31-67E0-423C-B3A8-ACF87145F3B1}"
EndProject
Project("{9A19103F-16F7-4668-BE54-9A1E7A4F7556}") = "IntegrationTests.Bottlecap.Net.GraphQL.Generation.Support", "Tests\IntegrationTests.Bottlecap.Net.GraphQL.Generation.Support\IntegrationTests.Bottlecap.Net.GraphQL.Generation.Support.csproj", "{3EF5393F-B784-4255-9576-5B35CA63FE95}"
EndProject
Global
	GlobalSection(SolutionConfigurationPlatforms) = preSolution
		Debug|Any CPU = Debug|Any CPU
		Release|Any CPU = Release|Any CPU
	EndGlobalSection
	GlobalSection(ProjectConfigurationPlatforms) = postSolution
		{F1004535-FC0C-4882-827E-42C16E665E93}.Debug|Any CPU.ActiveCfg = Debug|Any CPU
		{F1004535-FC0C-4882-827E-42C16E665E93}.Debug|Any CPU.Build.0 = Debug|Any CPU
		{F1004535-FC0C-4882-827E-42C16E665E93}.Release|Any CPU.ActiveCfg = Release|Any CPU
		{F1004535-FC0C-4882-827E-42C16E665E93}.Release|Any CPU.Build.0 = Release|Any CPU
		{D9589AC1-D106-45AB-8C38-059892C6CA08}.Debug|Any CPU.ActiveCfg = Debug|Any CPU
		{D9589AC1-D106-45AB-8C38-059892C6CA08}.Debug|Any CPU.Build.0 = Debug|Any CPU
		{D9589AC1-D106-45AB-8C38-059892C6CA08}.Release|Any CPU.ActiveCfg = Release|Any CPU
		{D9589AC1-D106-45AB-8C38-059892C6CA08}.Release|Any CPU.Build.0 = Release|Any CPU
		{DDCDFFA8-7A31-4C4C-A938-A4EBF7BAA42A}.Debug|Any CPU.ActiveCfg = Debug|Any CPU
		{DDCDFFA8-7A31-4C4C-A938-A4EBF7BAA42A}.Debug|Any CPU.Build.0 = Debug|Any CPU
		{DDCDFFA8-7A31-4C4C-A938-A4EBF7BAA42A}.Release|Any CPU.ActiveCfg = Release|Any CPU
		{DDCDFFA8-7A31-4C4C-A938-A4EBF7BAA42A}.Release|Any CPU.Build.0 = Release|Any CPU
		{FE614E21-E05A-409B-92A0-648AC2B5A61B}.Debug|Any CPU.ActiveCfg = Debug|Any CPU
		{FE614E21-E05A-409B-92A0-648AC2B5A61B}.Debug|Any CPU.Build.0 = Debug|Any CPU
		{FE614E21-E05A-409B-92A0-648AC2B5A61B}.Release|Any CPU.ActiveCfg = Release|Any CPU
		{FE614E21-E05A-409B-92A0-648AC2B5A61B}.Release|Any CPU.Build.0 = Release|Any CPU
		{BE1D6208-070B-4294-B522-A9F718D1ECC0}.Debug|Any CPU.ActiveCfg = Debug|Any CPU
		{BE1D6208-070B-4294-B522-A9F718D1ECC0}.Debug|Any CPU.Build.0 = Debug|Any CPU
		{BE1D6208-070B-4294-B522-A9F718D1ECC0}.Release|Any CPU.ActiveCfg = Release|Any CPU
		{BE1D6208-070B-4294-B522-A9F718D1ECC0}.Release|Any CPU.Build.0 = Release|Any CPU
		{6FAA7D31-67E0-423C-B3A8-ACF87145F3B1}.Debug|Any CPU.ActiveCfg = Debug|Any CPU
		{6FAA7D31-67E0-423C-B3A8-ACF87145F3B1}.Debug|Any CPU.Build.0 = Debug|Any CPU
		{6FAA7D31-67E0-423C-B3A8-ACF87145F3B1}.Release|Any CPU.ActiveCfg = Release|Any CPU
		{6FAA7D31-67E0-423C-B3A8-ACF87145F3B1}.Release|Any CPU.Build.0 = Release|Any CPU
		{3EF5393F-B784-4255-9576-5B35CA63FE95}.Debug|Any CPU.ActiveCfg = Debug|Any CPU
		{3EF5393F-B784-4255-9576-5B35CA63FE95}.Debug|Any CPU.Build.0 = Debug|Any CPU
		{3EF5393F-B784-4255-9576-5B35CA63FE95}.Release|Any CPU.ActiveCfg = Release|Any CPU
		{3EF5393F-B784-4255-9576-5B35CA63FE95}.Release|Any CPU.Build.0 = Release|Any CPU
	EndGlobalSection
	GlobalSection(SolutionProperties) = preSolution
		HideSolutionNode = FALSE
	EndGlobalSection
	GlobalSection(NestedProjects) = preSolution
		{F1004535-FC0C-4882-827E-42C16E665E93} = {B05D2BE7-E050-4F38-B2F6-3B3F86554ED6}
		{FE614E21-E05A-409B-92A0-648AC2B5A61B} = {B05D2BE7-E050-4F38-B2F6-3B3F86554ED6}
		{BE1D6208-070B-4294-B522-A9F718D1ECC0} = {2A637A72-840F-4851-B5AE-A3A1CB56C60F}
		{3EF5393F-B784-4255-9576-5B35CA63FE95} = {2A637A72-840F-4851-B5AE-A3A1CB56C60F}
	EndGlobalSection
	GlobalSection(ExtensibilityGlobals) = postSolution
		SolutionGuid = {A6449F9F-F36D-4E29-8A7D-5A03630EA928}
	EndGlobalSection
EndGlobal
